
Microsoft Visual Studio Solution File, Format Version 12.00
# Visual Studio Version 17
VisualStudioVersion = 17.14.36221.1
MinimumVisualStudioVersion = 10.0.40219.1
Project("{FAE04EC0-301F-11D3-BF4B-00C04F79EFBC}") = "TopLevelFunctions", "TopLevelFunctions\TopLevelFunctions.csproj", "{8D6C4A54-AB8C-4888-83BF-3612702D77E8}"
EndProject
Project("{FAE04EC0-301F-11D3-BF4B-00C04F79EFBC}") = "WritingFunctions", "WritingFunctions\WritingFunctions.csproj", "{A4EAAA80-BB5B-4D5E-92D2-65F2010FBDAC}"
EndProject
Project("{FAE04EC0-301F-11D3-BF4B-00C04F79EFBC}") = "Debugging", "Debugging\Debugging.csproj", "{7E51A589-4E8C-4BC7-ADE6-CD4F34827BE3}"
EndProject
Global
	GlobalSection(SolutionConfigurationPlatforms) = preSolution
		Debug|Any CPU = Debug|Any CPU
		Debug|x64 = Debug|x64
		Debug|x86 = Debug|x86
		Release|Any CPU = Release|Any CPU
		Release|x64 = Release|x64
		Release|x86 = Release|x86
	EndGlobalSection
	GlobalSection(ProjectConfigurationPlatforms) = postSolution
		{8D6C4A54-AB8C-4888-83BF-3612702D77E8}.Debug|Any CPU.ActiveCfg = Debug|Any CPU
		{8D6C4A54-AB8C-4888-83BF-3612702D77E8}.Debug|Any CPU.Build.0 = Debug|Any CPU
		{8D6C4A54-AB8C-4888-83BF-3612702D77E8}.Debug|x64.ActiveCfg = Debug|Any CPU
		{8D6C4A54-AB8C-4888-83BF-3612702D77E8}.Debug|x64.Build.0 = Debug|Any CPU
		{8D6C4A54-AB8C-4888-83BF-3612702D77E8}.Debug|x86.ActiveCfg = Debug|Any CPU
		{8D6C4A54-AB8C-4888-83BF-3612702D77E8}.Debug|x86.Build.0 = Debug|Any CPU
		{8D6C4A54-AB8C-4888-83BF-3612702D77E8}.Release|Any CPU.ActiveCfg = Release|Any CPU
		{8D6C4A54-AB8C-4888-83BF-3612702D77E8}.Release|Any CPU.Build.0 = Release|Any CPU
		{8D6C4A54-AB8C-4888-83BF-3612702D77E8}.Release|x64.ActiveCfg = Release|Any CPU
		{8D6C4A54-AB8C-4888-83BF-3612702D77E8}.Release|x64.Build.0 = Release|Any CPU
		{8D6C4A54-AB8C-4888-83BF-3612702D77E8}.Release|x86.ActiveCfg = Release|Any CPU
		{8D6C4A54-AB8C-4888-83BF-3612702D77E8}.Release|x86.Build.0 = Release|Any CPU
		{A4EAAA80-BB5B-4D5E-92D2-65F2010FBDAC}.Debug|Any CPU.ActiveCfg = Debug|Any CPU
		{A4EAAA80-BB5B-4D5E-92D2-65F2010FBDAC}.Debug|Any CPU.Build.0 = Debug|Any CPU
		{A4EAAA80-BB5B-4D5E-92D2-65F2010FBDAC}.Debug|x64.ActiveCfg = Debug|Any CPU
		{A4EAAA80-BB5B-4D5E-92D2-65F2010FBDAC}.Debug|x64.Build.0 = Debug|Any CPU
		{A4EAAA80-BB5B-4D5E-92D2-65F2010FBDAC}.Debug|x86.ActiveCfg = Debug|Any CPU
		{A4EAAA80-BB5B-4D5E-92D2-65F2010FBDAC}.Debug|x86.Build.0 = Debug|Any CPU
		{A4EAAA80-BB5B-4D5E-92D2-65F2010FBDAC}.Release|Any CPU.ActiveCfg = Release|Any CPU
		{A4EAAA80-BB5B-4D5E-92D2-65F2010FBDAC}.Release|Any CPU.Build.0 = Release|Any CPU
		{A4EAAA80-BB5B-4D5E-92D2-65F2010FBDAC}.Release|x64.ActiveCfg = Release|Any CPU
		{A4EAAA80-BB5B-4D5E-92D2-65F2010FBDAC}.Release|x64.Build.0 = Release|Any CPU
		{A4EAAA80-BB5B-4D5E-92D2-65F2010FBDAC}.Release|x86.ActiveCfg = Release|Any CPU
		{A4EAAA80-BB5B-4D5E-92D2-65F2010FBDAC}.Release|x86.Build.0 = Release|Any CPU
		{7E51A589-4E8C-4BC7-ADE6-CD4F34827BE3}.Debug|Any CPU.ActiveCfg = Debug|Any CPU
		{7E51A589-4E8C-4BC7-ADE6-CD4F34827BE3}.Debug|Any CPU.Build.0 = Debug|Any CPU
		{7E51A589-4E8C-4BC7-ADE6-CD4F34827BE3}.Debug|x64.ActiveCfg = Debug|Any CPU
		{7E51A589-4E8C-4BC7-ADE6-CD4F34827BE3}.Debug|x64.Build.0 = Debug|Any CPU
		{7E51A589-4E8C-4BC7-ADE6-CD4F34827BE3}.Debug|x86.ActiveCfg = Debug|Any CPU
		{7E51A589-4E8C-4BC7-ADE6-CD4F34827BE3}.Debug|x86.Build.0 = Debug|Any CPU
		{7E51A589-4E8C-4BC7-ADE6-CD4F34827BE3}.Release|Any CPU.ActiveCfg = Release|Any CPU
		{7E51A589-4E8C-4BC7-ADE6-CD4F34827BE3}.Release|Any CPU.Build.0 = Release|Any CPU
		{7E51A589-4E8C-4BC7-ADE6-CD4F34827BE3}.Release|x64.ActiveCfg = Release|Any CPU
		{7E51A589-4E8C-4BC7-ADE6-CD4F34827BE3}.Release|x64.Build.0 = Release|Any CPU
		{7E51A589-4E8C-4BC7-ADE6-CD4F34827BE3}.Release|x86.ActiveCfg = Release|Any CPU
		{7E51A589-4E8C-4BC7-ADE6-CD4F34827BE3}.Release|x86.Build.0 = Release|Any CPU
	EndGlobalSection
	GlobalSection(SolutionProperties) = preSolution
		HideSolutionNode = FALSE
	EndGlobalSection
	GlobalSection(ExtensibilityGlobals) = postSolution
		SolutionGuid = {3D0FD882-E752-4495-86B4-03BF8E98F6B9}
	EndGlobalSection
EndGlobal
