
Microsoft Visual Studio Solution File, Format Version 12.00
# Visual Studio Version 17
VisualStudioVersion = 17.0.31903.59
MinimumVisualStudioVersion = 10.0.40219.1
Project("{FAE04EC0-301F-11D3-BF4B-00C04F79EFBC}") = "HelloCS", "HelloCS\HelloCS.csproj", "{2568E51B-EE74-422C-AF6A-741D66D147E9}"
EndProject
Project("{FAE04EC0-301F-11D3-BF4B-00C04F79EFBC}") = "AboutMyEnvironment", "AboutMyEnvironment\AboutMyEnvironment.csproj", "{EB9CC85C-DCC3-4AE1-865D-C1835C08DDC1}"
EndProject
Global
	GlobalSection(SolutionConfigurationPlatforms) = preSolution
		Debug|Any CPU = Debug|Any CPU
		Release|Any CPU = Release|Any CPU
	EndGlobalSection
	GlobalSection(SolutionProperties) = preSolution
		HideSolutionNode = FALSE
	EndGlobalSection
	GlobalSection(ProjectConfigurationPlatforms) = postSolution
		{2568E51B-EE74-422C-AF6A-741D66D147E9}.Debug|Any CPU.ActiveCfg = Debug|Any CPU
		{2568E51B-EE74-422C-AF6A-741D66D147E9}.Debug|Any CPU.Build.0 = Debug|Any CPU
		{2568E51B-EE74-422C-AF6A-741D66D147E9}.Release|Any CPU.ActiveCfg = Release|Any CPU
		{2568E51B-EE74-422C-AF6A-741D66D147E9}.Release|Any CPU.Build.0 = Release|Any CPU
		{EB9CC85C-DCC3-4AE1-865D-C1835C08DDC1}.Debug|Any CPU.ActiveCfg = Debug|Any CPU
		{EB9CC85C-DCC3-4AE1-865D-C1835C08DDC1}.Debug|Any CPU.Build.0 = Debug|Any CPU
		{EB9CC85C-DCC3-4AE1-865D-C1835C08DDC1}.Release|Any CPU.ActiveCfg = Release|Any CPU
		{EB9CC85C-DCC3-4AE1-865D-C1835C08DDC1}.Release|Any CPU.Build.0 = Release|Any CPU
	EndGlobalSection
EndGlobal
