
Microsoft Visual Studio Solution File, Format Version 12.00
Project("{FAE04EC0-301F-11D3-BF4B-00C04F79EFBC}") = "Operators", "Operators\Operators.csproj", "{5EA198CA-3260-49BD-B661-29C74BB770D4}"
EndProject
Project("{FAE04EC0-301F-11D3-BF4B-00C04F79EFBC}") = "SelectionStatements", "SelectionStatements\SelectionStatements.csproj", "{D4EBBF50-F3A9-4671-919D-D0AFBD6836B9}"
EndProject
Global
	GlobalSection(SolutionConfigurationPlatforms) = preSolution
		Debug|Any CPU = Debug|Any CPU
		Debug|x64 = Debug|x64
		Debug|x86 = Debug|x86
		Release|Any CPU = Release|Any CPU
		Release|x64 = Release|x64
		Release|x86 = Release|x86
	EndGlobalSection
	GlobalSection(ProjectConfigurationPlatforms) = postSolution
		{5EA198CA-3260-49BD-B661-29C74BB770D4}.Debug|Any CPU.ActiveCfg = Debug|Any CPU
		{5EA198CA-3260-49BD-B661-29C74BB770D4}.Debug|Any CPU.Build.0 = Debug|Any CPU
		{5EA198CA-3260-49BD-B661-29C74BB770D4}.Debug|x64.ActiveCfg = Debug|Any CPU
		{5EA198CA-3260-49BD-B661-29C74BB770D4}.Debug|x64.Build.0 = Debug|Any CPU
		{5EA198CA-3260-49BD-B661-29C74BB770D4}.Debug|x86.ActiveCfg = Debug|Any CPU
		{5EA198CA-3260-49BD-B661-29C74BB770D4}.Debug|x86.Build.0 = Debug|Any CPU
		{5EA198CA-3260-49BD-B661-29C74BB770D4}.Release|Any CPU.ActiveCfg = Release|Any CPU
		{5EA198CA-3260-49BD-B661-29C74BB770D4}.Release|Any CPU.Build.0 = Release|Any CPU
		{5EA198CA-3260-49BD-B661-29C74BB770D4}.Release|x64.ActiveCfg = Release|Any CPU
		{5EA198CA-3260-49BD-B661-29C74BB770D4}.Release|x64.Build.0 = Release|Any CPU
		{5EA198CA-3260-49BD-B661-29C74BB770D4}.Release|x86.ActiveCfg = Release|Any CPU
		{5EA198CA-3260-49BD-B661-29C74BB770D4}.Release|x86.Build.0 = Release|Any CPU
		{D4EBBF50-F3A9-4671-919D-D0AFBD6836B9}.Debug|Any CPU.ActiveCfg = Debug|Any CPU
		{D4EBBF50-F3A9-4671-919D-D0AFBD6836B9}.Debug|Any CPU.Build.0 = Debug|Any CPU
		{D4EBBF50-F3A9-4671-919D-D0AFBD6836B9}.Debug|x64.ActiveCfg = Debug|Any CPU
		{D4EBBF50-F3A9-4671-919D-D0AFBD6836B9}.Debug|x64.Build.0 = Debug|Any CPU
		{D4EBBF50-F3A9-4671-919D-D0AFBD6836B9}.Debug|x86.ActiveCfg = Debug|Any CPU
		{D4EBBF50-F3A9-4671-919D-D0AFBD6836B9}.Debug|x86.Build.0 = Debug|Any CPU
		{D4EBBF50-F3A9-4671-919D-D0AFBD6836B9}.Release|Any CPU.ActiveCfg = Release|Any CPU
		{D4EBBF50-F3A9-4671-919D-D0AFBD6836B9}.Release|Any CPU.Build.0 = Release|Any CPU
		{D4EBBF50-F3A9-4671-919D-D0AFBD6836B9}.Release|x64.ActiveCfg = Release|Any CPU
		{D4EBBF50-F3A9-4671-919D-D0AFBD6836B9}.Release|x64.Build.0 = Release|Any CPU
		{D4EBBF50-F3A9-4671-919D-D0AFBD6836B9}.Release|x86.ActiveCfg = Release|Any CPU
		{D4EBBF50-F3A9-4671-919D-D0AFBD6836B9}.Release|x86.Build.0 = Release|Any CPU
	EndGlobalSection
	GlobalSection(SolutionProperties) = preSolution
		HideSolutionNode = FALSE
	EndGlobalSection
	GlobalSection(ProjectConfigurationPlatforms) = postSolution
		{5EA198CA-3260-49BD-B661-29C74BB770D4}.Debug|Any CPU.ActiveCfg = Debug|Any CPU
		{5EA198CA-3260-49BD-B661-29C74BB770D4}.Debug|Any CPU.Build.0 = Debug|Any CPU
		{5EA198CA-3260-49BD-B661-29C74BB770D4}.Release|Any CPU.ActiveCfg = Release|Any CPU
		{5EA198CA-3260-49BD-B661-29C74BB770D4}.Release|Any CPU.Build.0 = Release|Any CPU
	EndGlobalSection
EndGlobal
