
Microsoft Visual Studio Solution File, Format Version 12.00
Project("{FAE04EC0-301F-11D3-BF4B-00C04F79EFBC}") = "PacktLibraryNet2", "PacktLibraryNet2\PacktLibraryNet2.csproj", "{A84B4557-AB9E-45CD-8866-AD44E694C717}"
EndProject
Project("{FAE04EC0-301F-11D3-BF4B-00C04F79EFBC}") = "PeopleApp", "PeopleApp\PeopleApp.csproj", "{2BDE0114-C2A7-4412-B96B-0C6C8B302E51}"
EndProject
Global
	GlobalSection(SolutionConfigurationPlatforms) = preSolution
		Debug|Any CPU = Debug|Any CPU
		Release|Any CPU = Release|Any CPU
	EndGlobalSection
	GlobalSection(ProjectConfigurationPlatforms) = postSolution
		{A84B4557-AB9E-45CD-8866-AD44E694C717}.Debug|Any CPU.ActiveCfg = Debug|Any CPU
		{A84B4557-AB9E-45CD-8866-AD44E694C717}.Debug|Any CPU.Build.0 = Debug|Any CPU
		{A84B4557-AB9E-45CD-8866-AD44E694C717}.Release|Any CPU.ActiveCfg = Release|Any CPU
		{A84B4557-AB9E-45CD-8866-AD44E694C717}.Release|Any CPU.Build.0 = Release|Any CPU
		{2BDE0114-C2A7-4412-B96B-0C6C8B302E51}.Debug|Any CPU.ActiveCfg = Debug|Any CPU
		{2BDE0114-C2A7-4412-B96B-0C6C8B302E51}.Debug|Any CPU.Build.0 = Debug|Any CPU
		{2BDE0114-C2A7-4412-B96B-0C6C8B302E51}.Release|Any CPU.ActiveCfg = Release|Any CPU
		{2BDE0114-C2A7-4412-B96B-0C6C8B302E51}.Release|Any CPU.Build.0 = Release|Any CPU
	EndGlobalSection
EndGlobal
